
Microsoft Visual Studio Solution File, Format Version 12.00
# Visual Studio Version 17
VisualStudioVersion = 17.14.36202.13 d17.14
MinimumVisualStudioVersion = 10.0.40219.1
Project("{FAE04EC0-301F-11D3-BF4B-00C04F79EFBC}") = "Calculator", "Calculator\Calculator.csproj", "{3FC3C16B-4955-4CC2-AB19-CCF5573CCCA8}"
EndProject
Global
	GlobalSection(SolutionConfigurationPlatforms) = preSolution
		Debug|Any CPU = Debug|Any CPU
		Release|Any CPU = Release|Any CPU
	EndGlobalSection
	GlobalSection(ProjectConfigurationPlatforms) = postSolution
		{3FC3C16B-4955-4CC2-AB19-CCF5573CCCA8}.Debug|Any CPU.ActiveCfg = Debug|Any CPU
		{3FC3C16B-4955-4CC2-AB19-CCF5573CCCA8}.Debug|Any CPU.Build.0 = Debug|Any CPU
		{3FC3C16B-4955-4CC2-AB19-CCF5573CCCA8}.Release|Any CPU.ActiveCfg = Release|Any CPU
		{3FC3C16B-4955-4CC2-AB19-CCF5573CCCA8}.Release|Any CPU.Build.0 = Release|Any CPU
	EndGlobalSection
	GlobalSection(SolutionProperties) = preSolution
		HideSolutionNode = FALSE
	EndGlobalSection
	GlobalSection(ExtensibilityGlobals) = postSolution
		SolutionGuid = {9032A9FA-A288-4A3B-8865-B1E340C83D27}
	EndGlobalSection
EndGlobal
